
Microsoft Visual Studio Solution File, Format Version 11.00
# Visual Studio 2010
Project("{FAE04EC0-301F-11D3-BF4B-00C04F79EFBC}") = "SignalR.Demo", "SignalR.Demo\SignalR.Demo.csproj", "{A106C48E-1C1F-479C-A6B0-BAA56C385388}"
EndProject
Project("{FAE04EC0-301F-11D3-BF4B-00C04F79EFBC}") = "GeoCheckin.Domain", "GeoCheckin.Domain\GeoCheckin.Domain.csproj", "{1B967D67-AFD6-4BE8-AEA5-7281055ED65F}"
EndProject
Project("{FAE04EC0-301F-11D3-BF4B-00C04F79EFBC}") = "GeoCheckin.DataAccess", "GeoCheckin.DataAccess\GeoCheckin.DataAccess.csproj", "{F0313DB6-D089-4F8C-9355-862A14240FBD}"
EndProject
Project("{FAE04EC0-301F-11D3-BF4B-00C04F79EFBC}") = "SignalR.ConsoleClient", "SignalR.ConsoleClient\SignalR.ConsoleClient.csproj", "{C50B7426-0FC6-4046-9A18-AB036F04C87C}"
EndProject
Project("{FAE04EC0-301F-11D3-BF4B-00C04F79EFBC}") = "SignalR.UnitTests", "SignalR.UnitTests\SignalR.UnitTests.csproj", "{D26F133A-883F-4E75-9288-D20B45D8B5DA}"
EndProject
Global
	GlobalSection(SolutionConfigurationPlatforms) = preSolution
		Debug|Any CPU = Debug|Any CPU
		Debug|Mixed Platforms = Debug|Mixed Platforms
		Debug|x86 = Debug|x86
		Release|Any CPU = Release|Any CPU
		Release|Mixed Platforms = Release|Mixed Platforms
		Release|x86 = Release|x86
	EndGlobalSection
	GlobalSection(ProjectConfigurationPlatforms) = postSolution
		{A106C48E-1C1F-479C-A6B0-BAA56C385388}.Debug|Any CPU.ActiveCfg = Debug|Any CPU
		{A106C48E-1C1F-479C-A6B0-BAA56C385388}.Debug|Any CPU.Build.0 = Debug|Any CPU
		{A106C48E-1C1F-479C-A6B0-BAA56C385388}.Debug|Mixed Platforms.ActiveCfg = Debug|Any CPU
		{A106C48E-1C1F-479C-A6B0-BAA56C385388}.Debug|Mixed Platforms.Build.0 = Debug|Any CPU
		{A106C48E-1C1F-479C-A6B0-BAA56C385388}.Debug|x86.ActiveCfg = Debug|Any CPU
		{A106C48E-1C1F-479C-A6B0-BAA56C385388}.Release|Any CPU.ActiveCfg = Release|Any CPU
		{A106C48E-1C1F-479C-A6B0-BAA56C385388}.Release|Any CPU.Build.0 = Release|Any CPU
		{A106C48E-1C1F-479C-A6B0-BAA56C385388}.Release|Mixed Platforms.ActiveCfg = Release|Any CPU
		{A106C48E-1C1F-479C-A6B0-BAA56C385388}.Release|Mixed Platforms.Build.0 = Release|Any CPU
		{A106C48E-1C1F-479C-A6B0-BAA56C385388}.Release|x86.ActiveCfg = Release|Any CPU
		{1B967D67-AFD6-4BE8-AEA5-7281055ED65F}.Debug|Any CPU.ActiveCfg = Debug|Any CPU
		{1B967D67-AFD6-4BE8-AEA5-7281055ED65F}.Debug|Any CPU.Build.0 = Debug|Any CPU
		{1B967D67-AFD6-4BE8-AEA5-7281055ED65F}.Debug|Mixed Platforms.ActiveCfg = Debug|Any CPU
		{1B967D67-AFD6-4BE8-AEA5-7281055ED65F}.Debug|Mixed Platforms.Build.0 = Debug|Any CPU
		{1B967D67-AFD6-4BE8-AEA5-7281055ED65F}.Debug|x86.ActiveCfg = Debug|Any CPU
		{1B967D67-AFD6-4BE8-AEA5-7281055ED65F}.Release|Any CPU.ActiveCfg = Release|Any CPU
		{1B967D67-AFD6-4BE8-AEA5-7281055ED65F}.Release|Any CPU.Build.0 = Release|Any CPU
		{1B967D67-AFD6-4BE8-AEA5-7281055ED65F}.Release|Mixed Platforms.ActiveCfg = Release|Any CPU
		{1B967D67-AFD6-4BE8-AEA5-7281055ED65F}.Release|Mixed Platforms.Build.0 = Release|Any CPU
		{1B967D67-AFD6-4BE8-AEA5-7281055ED65F}.Release|x86.ActiveCfg = Release|Any CPU
		{F0313DB6-D089-4F8C-9355-862A14240FBD}.Debug|Any CPU.ActiveCfg = Debug|Any CPU
		{F0313DB6-D089-4F8C-9355-862A14240FBD}.Debug|Any CPU.Build.0 = Debug|Any CPU
		{F0313DB6-D089-4F8C-9355-862A14240FBD}.Debug|Mixed Platforms.ActiveCfg = Debug|Any CPU
		{F0313DB6-D089-4F8C-9355-862A14240FBD}.Debug|Mixed Platforms.Build.0 = Debug|Any CPU
		{F0313DB6-D089-4F8C-9355-862A14240FBD}.Debug|x86.ActiveCfg = Debug|Any CPU
		{F0313DB6-D089-4F8C-9355-862A14240FBD}.Release|Any CPU.ActiveCfg = Release|Any CPU
		{F0313DB6-D089-4F8C-9355-862A14240FBD}.Release|Any CPU.Build.0 = Release|Any CPU
		{F0313DB6-D089-4F8C-9355-862A14240FBD}.Release|Mixed Platforms.ActiveCfg = Release|Any CPU
		{F0313DB6-D089-4F8C-9355-862A14240FBD}.Release|Mixed Platforms.Build.0 = Release|Any CPU
		{F0313DB6-D089-4F8C-9355-862A14240FBD}.Release|x86.ActiveCfg = Release|Any CPU
		{C50B7426-0FC6-4046-9A18-AB036F04C87C}.Debug|Any CPU.ActiveCfg = Debug|x86
		{C50B7426-0FC6-4046-9A18-AB036F04C87C}.Debug|Mixed Platforms.ActiveCfg = Debug|x86
		{C50B7426-0FC6-4046-9A18-AB036F04C87C}.Debug|Mixed Platforms.Build.0 = Debug|x86
		{C50B7426-0FC6-4046-9A18-AB036F04C87C}.Debug|x86.ActiveCfg = Debug|x86
		{C50B7426-0FC6-4046-9A18-AB036F04C87C}.Debug|x86.Build.0 = Debug|x86
		{C50B7426-0FC6-4046-9A18-AB036F04C87C}.Release|Any CPU.ActiveCfg = Release|x86
		{C50B7426-0FC6-4046-9A18-AB036F04C87C}.Release|Mixed Platforms.ActiveCfg = Release|x86
		{C50B7426-0FC6-4046-9A18-AB036F04C87C}.Release|Mixed Platforms.Build.0 = Release|x86
		{C50B7426-0FC6-4046-9A18-AB036F04C87C}.Release|x86.ActiveCfg = Release|x86
		{C50B7426-0FC6-4046-9A18-AB036F04C87C}.Release|x86.Build.0 = Release|x86
		{D26F133A-883F-4E75-9288-D20B45D8B5DA}.Debug|Any CPU.ActiveCfg = Debug|Any CPU
		{D26F133A-883F-4E75-9288-D20B45D8B5DA}.Debug|Any CPU.Build.0 = Debug|Any CPU
		{D26F133A-883F-4E75-9288-D20B45D8B5DA}.Debug|Mixed Platforms.ActiveCfg = Debug|Any CPU
		{D26F133A-883F-4E75-9288-D20B45D8B5DA}.Debug|Mixed Platforms.Build.0 = Debug|Any CPU
		{D26F133A-883F-4E75-9288-D20B45D8B5DA}.Debug|x86.ActiveCfg = Debug|Any CPU
		{D26F133A-883F-4E75-9288-D20B45D8B5DA}.Release|Any CPU.ActiveCfg = Release|Any CPU
		{D26F133A-883F-4E75-9288-D20B45D8B5DA}.Release|Any CPU.Build.0 = Release|Any CPU
		{D26F133A-883F-4E75-9288-D20B45D8B5DA}.Release|Mixed Platforms.ActiveCfg = Release|Any CPU
		{D26F133A-883F-4E75-9288-D20B45D8B5DA}.Release|Mixed Platforms.Build.0 = Release|Any CPU
		{D26F133A-883F-4E75-9288-D20B45D8B5DA}.Release|x86.ActiveCfg = Release|Any CPU
	EndGlobalSection
	GlobalSection(SolutionProperties) = preSolution
		HideSolutionNode = FALSE
	EndGlobalSection
EndGlobal
